
Microsoft Visual Studio Solution File, Format Version 12.00
# Visual Studio Version 18
VisualStudioVersion = 18.1.11312.151 d18.0
MinimumVisualStudioVersion = 10.0.40219.1
Project("{FAE04EC0-301F-11D3-BF4B-00C04F79EFBC}") = "ED-LaserDrill_1.6", "1.6\ED-LaserDrill_1.6.csproj", "{CE799D2A-D8F2-4BA4-98A7-85BA33A48561}"
EndProject
Global
	GlobalSection(SolutionConfigurationPlatforms) = preSolution
		Debug|Any CPU = Debug|Any CPU
		Release|Any CPU = Release|Any CPU
	EndGlobalSection
	GlobalSection(ProjectConfigurationPlatforms) = postSolution
		{CE799D2A-D8F2-4BA4-98A7-85BA33A48561}.Debug|Any CPU.ActiveCfg = Debug|Any CPU
		{CE799D2A-D8F2-4BA4-98A7-85BA33A48561}.Debug|Any CPU.Build.0 = Debug|Any CPU
		{CE799D2A-D8F2-4BA4-98A7-85BA33A48561}.Release|Any CPU.ActiveCfg = Release|Any CPU
		{CE799D2A-D8F2-4BA4-98A7-85BA33A48561}.Release|Any CPU.Build.0 = Release|Any CPU
	EndGlobalSection
	GlobalSection(SolutionProperties) = preSolution
		HideSolutionNode = FALSE
	EndGlobalSection
	GlobalSection(ExtensibilityGlobals) = postSolution
		SolutionGuid = {0B990CC4-40E4-4FF4-A70A-84DF0E4445AD}
	EndGlobalSection
EndGlobal
